
Microsoft Visual Studio Solution File, Format Version 12.00
# Visual Studio Version 17
VisualStudioVersion = 17.8.34330.188
MinimumVisualStudioVersion = 10.0.40219.1
Project("{FAE04EC0-301F-11D3-BF4B-00C04F79EFBC}") = "GetHubProject", "GetHubProject\GetHubProject.csproj", "{950106E1-18C8-4740-A8EB-8421F760A602}"
EndProject
Global
	GlobalSection(SolutionConfigurationPlatforms) = preSolution
		Debug|Any CPU = Debug|Any CPU
		Release|Any CPU = Release|Any CPU
	EndGlobalSection
	GlobalSection(ProjectConfigurationPlatforms) = postSolution
		{950106E1-18C8-4740-A8EB-8421F760A602}.Debug|Any CPU.ActiveCfg = Debug|Any CPU
		{950106E1-18C8-4740-A8EB-8421F760A602}.Debug|Any CPU.Build.0 = Debug|Any CPU
		{950106E1-18C8-4740-A8EB-8421F760A602}.Release|Any CPU.ActiveCfg = Release|Any CPU
		{950106E1-18C8-4740-A8EB-8421F760A602}.Release|Any CPU.Build.0 = Release|Any CPU
	EndGlobalSection
	GlobalSection(SolutionProperties) = preSolution
		HideSolutionNode = FALSE
	EndGlobalSection
	GlobalSection(ExtensibilityGlobals) = postSolution
		SolutionGuid = {DC36E490-8B6D-4865-AAEB-5481AC66D295}
	EndGlobalSection
EndGlobal
